{
  "name": "example",
  "version": "1.0.0",
  "lockfileVersion": 3,
  "requires": true,
  "packages": {
    "": {
      "name": "example",
      "version": "1.0.0",
      "license": "ISC",
      "workspaces": [
        "packages/*"
      ]
    },
    "node_modules/@pkg/bar": {
      "resolved": "packages/bar",
      "link": true
    },
    "node_modules/@pkg/foo": {
      "resolved": "packages/foo",
      "link": true
    },
    "packages/bar": {
      "name": "@pkg/bar"
    },
    "packages/foo": {
      "name": "@pkg/foo"
    }
  }
}
